
Microsoft Visual Studio Solution File, Format Version 12.00
# Visual Studio Version 17
VisualStudioVersion = 17.10.35027.167
MinimumVisualStudioVersion = 10.0.40219.1
Project("{FAE04EC0-301F-11D3-BF4B-00C04F79EFBC}") = "Szl External Hook", "Loader\Szl External Hook.csproj", "{8DB1B1D3-B3FF-4E90-B613-8FA5286DB612}"
EndProject
Global
	GlobalSection(SolutionConfigurationPlatforms) = preSolution
		Debug|Any CPU = Debug|Any CPU
		Release|Any CPU = Release|Any CPU
	EndGlobalSection
	GlobalSection(ProjectConfigurationPlatforms) = postSolution
		{8DB1B1D3-B3FF-4E90-B613-8FA5286DB612}.Debug|Any CPU.ActiveCfg = Debug|Any CPU
		{8DB1B1D3-B3FF-4E90-B613-8FA5286DB612}.Debug|Any CPU.Build.0 = Debug|Any CPU
		{8DB1B1D3-B3FF-4E90-B613-8FA5286DB612}.Release|Any CPU.ActiveCfg = Release|Any CPU
		{8DB1B1D3-B3FF-4E90-B613-8FA5286DB612}.Release|Any CPU.Build.0 = Release|Any CPU
	EndGlobalSection
	GlobalSection(SolutionProperties) = preSolution
		HideSolutionNode = FALSE
	EndGlobalSection
	GlobalSection(ExtensibilityGlobals) = postSolution
		SolutionGuid = {91461FDA-9D2A-4018-90BB-0989FD4AA52C}
	EndGlobalSection
EndGlobal
